
Microsoft Visual Studio Solution File, Format Version 12.00
# Visual Studio 15
VisualStudioVersion = 15.0.28010.2019
MinimumVisualStudioVersion = 10.0.40219.1
Project("{FAE04EC0-301F-11D3-BF4B-00C04F79EFBC}") = "Laba1", "Laba1\Laba1.csproj", "{DABBA3D8-5D5D-4E89-BF0B-1CAA9F75CB57}"
EndProject
Global
	GlobalSection(SolutionConfigurationPlatforms) = preSolution
		Debug|Any CPU = Debug|Any CPU
		Release|Any CPU = Release|Any CPU
	EndGlobalSection
	GlobalSection(ProjectConfigurationPlatforms) = postSolution
		{DABBA3D8-5D5D-4E89-BF0B-1CAA9F75CB57}.Debug|Any CPU.ActiveCfg = Debug|Any CPU
		{DABBA3D8-5D5D-4E89-BF0B-1CAA9F75CB57}.Debug|Any CPU.Build.0 = Debug|Any CPU
		{DABBA3D8-5D5D-4E89-BF0B-1CAA9F75CB57}.Release|Any CPU.ActiveCfg = Release|Any CPU
		{DABBA3D8-5D5D-4E89-BF0B-1CAA9F75CB57}.Release|Any CPU.Build.0 = Release|Any CPU
	EndGlobalSection
	GlobalSection(SolutionProperties) = preSolution
		HideSolutionNode = FALSE
	EndGlobalSection
	GlobalSection(ExtensibilityGlobals) = postSolution
		SolutionGuid = {DDC99039-ACD5-408C-AB23-09C51398BD30}
	EndGlobalSection
EndGlobal
